
Microsoft Visual Studio Solution File, Format Version 12.00
# Visual Studio Version 16
VisualStudioVersion = 16.0.31515.178
MinimumVisualStudioVersion = 10.0.40219.1
Project("{A07B5EB6-E848-4116-A8D0-A826331D98C6}") = "Narde", "Narde\Narde.sfproj", "{3A435E03-68F5-47A6-A3D3-C7B8069097D3}"
EndProject
Project("{FAE04EC0-301F-11D3-BF4B-00C04F79EFBC}") = "GameStateService", "GameStateService\GameStateService.csproj", "{095141DA-7BAF-409F-839C-E4EC2FB55AB8}"
EndProject
Global
	GlobalSection(SolutionConfigurationPlatforms) = preSolution
		Debug|Any CPU = Debug|Any CPU
		Debug|x64 = Debug|x64
		Release|Any CPU = Release|Any CPU
		Release|x64 = Release|x64
	EndGlobalSection
	GlobalSection(ProjectConfigurationPlatforms) = postSolution
		{3A435E03-68F5-47A6-A3D3-C7B8069097D3}.Debug|Any CPU.ActiveCfg = Debug|x64
		{3A435E03-68F5-47A6-A3D3-C7B8069097D3}.Debug|x64.ActiveCfg = Debug|x64
		{3A435E03-68F5-47A6-A3D3-C7B8069097D3}.Debug|x64.Build.0 = Debug|x64
		{3A435E03-68F5-47A6-A3D3-C7B8069097D3}.Debug|x64.Deploy.0 = Debug|x64
		{3A435E03-68F5-47A6-A3D3-C7B8069097D3}.Release|Any CPU.ActiveCfg = Release|x64
		{3A435E03-68F5-47A6-A3D3-C7B8069097D3}.Release|x64.ActiveCfg = Release|x64
		{3A435E03-68F5-47A6-A3D3-C7B8069097D3}.Release|x64.Build.0 = Release|x64
		{3A435E03-68F5-47A6-A3D3-C7B8069097D3}.Release|x64.Deploy.0 = Release|x64
		{095141DA-7BAF-409F-839C-E4EC2FB55AB8}.Debug|Any CPU.ActiveCfg = Debug|Any CPU
		{095141DA-7BAF-409F-839C-E4EC2FB55AB8}.Debug|Any CPU.Build.0 = Debug|Any CPU
		{095141DA-7BAF-409F-839C-E4EC2FB55AB8}.Debug|x64.ActiveCfg = Debug|Any CPU
		{095141DA-7BAF-409F-839C-E4EC2FB55AB8}.Debug|x64.Build.0 = Debug|Any CPU
		{095141DA-7BAF-409F-839C-E4EC2FB55AB8}.Release|Any CPU.ActiveCfg = Release|Any CPU
		{095141DA-7BAF-409F-839C-E4EC2FB55AB8}.Release|Any CPU.Build.0 = Release|Any CPU
		{095141DA-7BAF-409F-839C-E4EC2FB55AB8}.Release|x64.ActiveCfg = Release|Any CPU
		{095141DA-7BAF-409F-839C-E4EC2FB55AB8}.Release|x64.Build.0 = Release|Any CPU
	EndGlobalSection
	GlobalSection(SolutionProperties) = preSolution
		HideSolutionNode = FALSE
	EndGlobalSection
	GlobalSection(ExtensibilityGlobals) = postSolution
		SolutionGuid = {7769A019-93C8-484D-BF88-8C9ED737999F}
	EndGlobalSection
EndGlobal
